
Microsoft Visual Studio Solution File, Format Version 12.00
# Visual Studio 15
VisualStudioVersion = 15.0.28307.168
MinimumVisualStudioVersion = 10.0.40219.1
Project("{FAE04EC0-301F-11D3-BF4B-00C04F79EFBC}") = "JupyterKernelManager", "JupyterKernelManager\JupyterKernelManager.csproj", "{EADC745A-47DD-4354-A387-06591DEBB797}"
EndProject
Global
	GlobalSection(SolutionConfigurationPlatforms) = preSolution
		Debug|Any CPU = Debug|Any CPU
		Release|Any CPU = Release|Any CPU
	EndGlobalSection
	GlobalSection(ProjectConfigurationPlatforms) = postSolution
		{EADC745A-47DD-4354-A387-06591DEBB797}.Debug|Any CPU.ActiveCfg = Debug|Any CPU
		{EADC745A-47DD-4354-A387-06591DEBB797}.Debug|Any CPU.Build.0 = Debug|Any CPU
		{EADC745A-47DD-4354-A387-06591DEBB797}.Release|Any CPU.ActiveCfg = Release|Any CPU
		{EADC745A-47DD-4354-A387-06591DEBB797}.Release|Any CPU.Build.0 = Release|Any CPU
	EndGlobalSection
	GlobalSection(SolutionProperties) = preSolution
		HideSolutionNode = FALSE
	EndGlobalSection
	GlobalSection(ExtensibilityGlobals) = postSolution
		SolutionGuid = {9F7257CE-CC40-4C42-90AA-E97B80BCE9E0}
	EndGlobalSection
EndGlobal
